
Microsoft Visual Studio Solution File, Format Version 12.00
# Visual Studio 15
VisualStudioVersion = 15.0.26730.8
MinimumVisualStudioVersion = 10.0.40219.1
Project("{8BC9CEB8-8B4A-11D0-8D11-00A0C91BC942}") = "maya_pushpull++", "maya_pushpull++\maya_pushpull++.vcxproj", "{240C28D8-6EEA-4DA9-8FC6-C9F2522FE5FA}"
EndProject
Global
	GlobalSection(SolutionConfigurationPlatforms) = preSolution
		Debug|x64 = Debug|x64
		Debug|x86 = Debug|x86
		Release|x64 = Release|x64
		Release|x86 = Release|x86
	EndGlobalSection
	GlobalSection(ProjectConfigurationPlatforms) = postSolution
		{240C28D8-6EEA-4DA9-8FC6-C9F2522FE5FA}.Debug|x64.ActiveCfg = Debug|x64
		{240C28D8-6EEA-4DA9-8FC6-C9F2522FE5FA}.Debug|x64.Build.0 = Debug|x64
		{240C28D8-6EEA-4DA9-8FC6-C9F2522FE5FA}.Debug|x86.ActiveCfg = Debug|Win32
		{240C28D8-6EEA-4DA9-8FC6-C9F2522FE5FA}.Debug|x86.Build.0 = Debug|Win32
		{240C28D8-6EEA-4DA9-8FC6-C9F2522FE5FA}.Release|x64.ActiveCfg = Release|x64
		{240C28D8-6EEA-4DA9-8FC6-C9F2522FE5FA}.Release|x64.Build.0 = Release|x64
		{240C28D8-6EEA-4DA9-8FC6-C9F2522FE5FA}.Release|x86.ActiveCfg = Release|Win32
		{240C28D8-6EEA-4DA9-8FC6-C9F2522FE5FA}.Release|x86.Build.0 = Release|Win32
	EndGlobalSection
	GlobalSection(SolutionProperties) = preSolution
		HideSolutionNode = FALSE
	EndGlobalSection
	GlobalSection(ExtensibilityGlobals) = postSolution
		SolutionGuid = {BF54A47F-BA4C-4F3A-8D57-8ED936C5DA26}
	EndGlobalSection
EndGlobal
